// !$*UTF8*$!
{
	archiveVersion = 1;
	classes = {
	};
	objectVersion = 110;
	objects = {

/* Begin PBXBuildFile section */
		EE01AF0100010001000A0001 /* AppsFlyerLib in Frameworks */ = {isa = PBXBuildFile; productRef = EE01AF0100010001000A0011 /* AppsFlyerLib */; };
		EE01AF0100010001000A0002 /* FirebaseCore in Frameworks */ = {isa = PBXBuildFile; productRef = EE01AF0100010001000A0012 /* FirebaseCore */; };
		EE01AF0100010001000A0003 /* FirebaseMessaging in Frameworks */ = {isa = PBXBuildFile; productRef = EE01AF0100010001000A0013 /* FirebaseMessaging */; };
		FO01NSE0100010001000A0004 /* FrameOnceNotificationService.appex in Embed Foundation Extensions */ = {isa = PBXBuildFile; fileRef = FO01NSE0100010001000A0020 /* FrameOnceNotificationService.appex */; settings = {ATTRIBUTES = (RemoveHeadersOnCopy, ); }; };
/* End PBXBuildFile section */

/* Begin PBXContainerItemProxy section */
		FO01NSE0100010001000A0021 /* PBXContainerItemProxy */ = {
			isa = PBXContainerItemProxy;
			containerPortal = DDE11C90305DA15000DF6212 /* Project object */;
			proxyType = 1;
			remoteGlobalIDString = FO01NSE0100010001000A0022;
			remoteInfo = FrameOnceNotificationService;
		};
/* End PBXContainerItemProxy section */

/* Begin PBXCopyFilesBuildPhase section */
		FO01NSE0100010001000A0023 /* Embed Foundation Extensions */ = {
			isa = PBXCopyFilesBuildPhase;
			buildActionMask = 2147483647;
			dstPath = "";
			dstSubfolderSpec = 13;
			files = (
				FO01NSE0100010001000A0004 /* FrameOnceNotificationService.appex in Embed Foundation Extensions */,
			);
			name = "Embed Foundation Extensions";
			runOnlyForDeploymentPostprocessing = 0;
		};
/* End PBXCopyFilesBuildPhase section */

/* Begin PBXFileReference section */
		DDE11C98305DA15000DF6212 /* Object Hunt.app */ = {isa = PBXFileReference; explicitFileType = wrapper.application; includeInIndex = 0; path = "Object Hunt.app"; sourceTree = BUILT_PRODUCTS_DIR; };
		FO01NSE0100010001000A0020 /* FrameOnceNotificationService.appex */ = {isa = PBXFileReference; explicitFileType = "wrapper.app-extension"; includeInIndex = 0; path = FrameOnceNotificationService.appex; sourceTree = BUILT_PRODUCTS_DIR; };
/* End PBXFileReference section */

/* Begin PBXFileSystemSynchronizedBuildFileExceptionSet section */
		DDE11CAD305DA15200DF6212 /* Exceptions for "Object Hunt" folder in "Object Hunt" target */ = {
			isa = PBXFileSystemSynchronizedBuildFileExceptionSet;
			membershipExceptions = (
				Info.plist,
				SceneConfiguration.plist,
			);
			target = DDE11C97305DA15000DF6212 /* Object Hunt */;
		};
		FO01NSE0100010001000A0024 /* Exceptions for "FrameOnceNotificationService" folder in "FrameOnceNotificationService" target */ = {
			isa = PBXFileSystemSynchronizedBuildFileExceptionSet;
			membershipExceptions = (
				Info.plist,
			);
			target = FO01NSE0100010001000A0022 /* FrameOnceNotificationService */;
		};
/* End PBXFileSystemSynchronizedBuildFileExceptionSet section */

/* Begin PBXFileSystemSynchronizedRootGroup section */
		DDE11C9A305DA15000DF6212 /* Object Hunt */ = {
			isa = PBXFileSystemSynchronizedRootGroup;
			exceptions = (
				DDE11CAD305DA15200DF6212 /* Exceptions for "Object Hunt" folder in "Object Hunt" target */,
			);
			path = "Object Hunt";
			sourceTree = "<group>";
		};
		FO01NSE0100010001000A0025 /* FrameOnceNotificationService */ = {
			isa = PBXFileSystemSynchronizedRootGroup;
			exceptions = (
				FO01NSE0100010001000A0024 /* Exceptions for "FrameOnceNotificationService" folder in "FrameOnceNotificationService" target */,
			);
			path = FrameOnceNotificationService;
			sourceTree = "<group>";
		};
/* End PBXFileSystemSynchronizedRootGroup section */

/* Begin PBXFrameworksBuildPhase section */
		DDE11C95305DA15000DF6212 /* Frameworks */ = {
			isa = PBXFrameworksBuildPhase;
			files = (
				EE01AF0100010001000A0003 /* FirebaseMessaging in Frameworks */,
				EE01AF0100010001000A0002 /* FirebaseCore in Frameworks */,
				EE01AF0100010001000A0001 /* AppsFlyerLib in Frameworks */,
			);
		};
		FO01NSE0100010001000A0026 /* Frameworks */ = {
			isa = PBXFrameworksBuildPhase;
			buildActionMask = 2147483647;
			files = (
			);
			runOnlyForDeploymentPostprocessing = 0;
		};
/* End PBXFrameworksBuildPhase section */

/* Begin PBXGroup section */
		DDE11C8F305DA15000DF6212 = {
			isa = PBXGroup;
			children = (
				DDE11C9A305DA15000DF6212 /* Object Hunt */,
				FO01NSE0100010001000A0025 /* FrameOnceNotificationService */,
				DDE11C99305DA15000DF6212 /* Products */,
			);
			sourceTree = "<group>";
		};
		DDE11C99305DA15000DF6212 /* Products */ = {
			isa = PBXGroup;
			children = (
				DDE11C98305DA15000DF6212 /* Object Hunt.app */,
				FO01NSE0100010001000A0020 /* FrameOnceNotificationService.appex */,
			);
			name = Products;
			sourceTree = "<group>";
		};
/* End PBXGroup section */

/* Begin PBXNativeTarget section */
		DDE11C97305DA15000DF6212 /* Object Hunt */ = {
			isa = PBXNativeTarget;
			buildConfigurationList = DDE11CAE305DA15200DF6212 /* Build configuration list for PBXNativeTarget "Object Hunt" */;
			buildPhases = (
				DDE11C94305DA15000DF6212 /* Sources */,
				DDE11C95305DA15000DF6212 /* Frameworks */,
				DDE11C96305DA15000DF6212 /* Resources */,
				FO01NSE0100010001000A0023 /* Embed Foundation Extensions */,
			);
			buildRules = (
			);
			dependencies = (
				FO01NSE0100010001000A0027 /* PBXTargetDependency */,
			);
			fileSystemSynchronizedGroups = (
				DDE11C9A305DA15000DF6212 /* Object Hunt */,
			);
			name = "Object Hunt";
			packageProductDependencies = (
				EE01AF0100010001000A0011 /* AppsFlyerLib */,
				EE01AF0100010001000A0012 /* FirebaseCore */,
				EE01AF0100010001000A0013 /* FirebaseMessaging */,
			);
			productName = "Object Hunt";
			productReference = DDE11C98305DA15000DF6212 /* Object Hunt.app */;
			productType = "com.apple.product-type.application";
		};
		FO01NSE0100010001000A0022 /* FrameOnceNotificationService */ = {
			isa = PBXNativeTarget;
			buildConfigurationList = FO01NSE0100010001000A0028 /* Build configuration list for PBXNativeTarget "FrameOnceNotificationService" */;
			buildPhases = (
				FO01NSE0100010001000A0029 /* Sources */,
				FO01NSE0100010001000A0026 /* Frameworks */,
				FO01NSE0100010001000A002A /* Resources */,
			);
			buildRules = (
			);
			dependencies = (
			);
			fileSystemSynchronizedGroups = (
				FO01NSE0100010001000A0025 /* FrameOnceNotificationService */,
			);
			name = FrameOnceNotificationService;
			packageProductDependencies = (
			);
			productName = FrameOnceNotificationService;
			productReference = FO01NSE0100010001000A0020 /* FrameOnceNotificationService.appex */;
			productType = "com.apple.product-type.app-extension";
		};
/* End PBXNativeTarget section */

/* Begin PBXProject section */
		DDE11C90305DA15000DF6212 /* Project object */ = {
			isa = PBXProject;
			attributes = {
				BuildIndependentTargetsInParallel = 1;
				LastSwiftUpdateCheck = 2700;
				LastUpgradeCheck = 2700;
				TargetAttributes = {
					DDE11C97305DA15000DF6212 = {
						CreatedOnToolsVersion = 27.0;
					};
					FO01NSE0100010001000A0022 = {
						CreatedOnToolsVersion = 27.0;
					};
				};
			};
			buildConfigurationList = DDE11C93305DA15000DF6212 /* Build configuration list for PBXProject "Object Hunt" */;
			developmentRegion = en;
			hasScannedForEncodings = 0;
			knownRegions = (
				en,
				Base,
			);
			mainGroup = DDE11C8F305DA15000DF6212;
			minimizedProjectReferenceProxies = 1;
			packageReferences = (
				EE01AF0100010001000A0021 /* XCRemoteSwiftPackageReference "AppsFlyerFramework" */,
				EE01AF0100010001000A0022 /* XCRemoteSwiftPackageReference "firebase-ios-sdk" */,
			);
			preferredProjectObjectVersion = 77;
			productRefGroup = DDE11C99305DA15000DF6212 /* Products */;
			projectDirPath = "";
			projectRoot = "";
			targets = (
				DDE11C97305DA15000DF6212 /* Object Hunt */,
				FO01NSE0100010001000A0022 /* FrameOnceNotificationService */,
			);
		};
/* End PBXProject section */

/* Begin PBXResourcesBuildPhase section */
		DDE11C96305DA15000DF6212 /* Resources */ = {
			isa = PBXResourcesBuildPhase;
			files = (
			);
			runOnlyForDeploymentPostprocessing = 0;
		};
		FO01NSE0100010001000A002A /* Resources */ = {
			isa = PBXResourcesBuildPhase;
			buildActionMask = 2147483647;
			files = (
			);
			runOnlyForDeploymentPostprocessing = 0;
		};
/* End PBXResourcesBuildPhase section */

/* Begin PBXSourcesBuildPhase section */
		DDE11C94305DA15000DF6212 /* Sources */ = {
			isa = PBXSourcesBuildPhase;
			files = (
			);
		};
		FO01NSE0100010001000A0029 /* Sources */ = {
			isa = PBXSourcesBuildPhase;
			buildActionMask = 2147483647;
			files = (
			);
			runOnlyForDeploymentPostprocessing = 0;
		};
/* End PBXSourcesBuildPhase section */

/* Begin PBXTargetDependency section */
		FO01NSE0100010001000A0027 /* PBXTargetDependency */ = {
			isa = PBXTargetDependency;
			target = FO01NSE0100010001000A0022 /* FrameOnceNotificationService */;
			targetProxy = FO01NSE0100010001000A0021 /* PBXContainerItemProxy */;
		};
/* End PBXTargetDependency section */

/* Begin XCBuildConfiguration section */
		DDE11CAF305DA15200DF6212 /* Debug configuration for PBXNativeTarget "Object Hunt" */ = {
			isa = XCBuildConfiguration;
			buildSettings = {
				ASSETCATALOG_COMPILER_APPICON_NAME = AppIcon;
				ASSETCATALOG_COMPILER_GLOBAL_ACCENT_COLOR_NAME = AccentColor;
				CODE_SIGN_ENTITLEMENTS = "Object Hunt/ObjectHunt.entitlements";
				CODE_SIGN_STYLE = Automatic;
				CURRENT_PROJECT_VERSION = 1;
				DEVELOPMENT_TEAM = "";
				GENERATE_INFOPLIST_FILE = YES;
				INFOPLIST_FILE = "Object Hunt/SceneConfiguration.plist";
				INFOPLIST_KEY_CFBundleDisplayName = "ObjectHunt ColorGame";
				INFOPLIST_KEY_NSCameraUsageDescription = "ObjectHunt ColorGame uses the camera to detect colors in the world around you.";
				INFOPLIST_KEY_NSMicrophoneUsageDescription = "ObjectHunt ColorGame needs the microphone for portal media capture.";
				INFOPLIST_KEY_NSPhotoLibraryUsageDescription = "ObjectHunt ColorGame needs photo library access to attach images in the content portal.";
				INFOPLIST_KEY_UIApplicationSupportsIndirectInputEvents = YES;
				INFOPLIST_KEY_UIBackgroundModes = "remote-notification";
				INFOPLIST_KEY_UIStatusBarHidden = YES;
				INFOPLIST_KEY_UISupportedInterfaceOrientations_iPad = "UIInterfaceOrientationPortrait UIInterfaceOrientationPortraitUpsideDown UIInterfaceOrientationLandscapeLeft UIInterfaceOrientationLandscapeRight";
				INFOPLIST_KEY_UISupportedInterfaceOrientations_iPhone = "UIInterfaceOrientationPortrait UIInterfaceOrientationLandscapeLeft UIInterfaceOrientationLandscapeRight";
				IPHONEOS_DEPLOYMENT_TARGET = 16.0;
				LD_RUNPATH_SEARCH_PATHS = (
					"$(inherited)",
					"@executable_path/Frameworks",
				);
				MARKETING_VERSION = 1.0;
				PRODUCT_BUNDLE_IDENTIFIER = com.ObjectHuntColorGame;
				PRODUCT_NAME = "$(TARGET_NAME)";
				STRING_CATALOG_GENERATE_SYMBOLS = YES;
				SUPPORTED_PLATFORMS = "iphoneos iphonesimulator";
				SUPPORTS_MACCATALYST = NO;
				SWIFT_APPROACHABLE_CONCURRENCY = YES;
				SWIFT_DEFAULT_ACTOR_ISOLATION = nonisolated;
				SWIFT_EMIT_LOC_STRINGS = YES;
				SWIFT_UPCOMING_FEATURE_MEMBER_IMPORT_VISIBILITY = YES;
				SWIFT_VERSION = 5.0;
				TARGETED_DEVICE_FAMILY = 1;
			};
			name = Debug;
		};
		DDE11CB0305DA15200DF6212 /* Release configuration for PBXNativeTarget "Object Hunt" */ = {
			isa = XCBuildConfiguration;
			buildSettings = {
				ASSETCATALOG_COMPILER_APPICON_NAME = AppIcon;
				ASSETCATALOG_COMPILER_GLOBAL_ACCENT_COLOR_NAME = AccentColor;
				CODE_SIGN_ENTITLEMENTS = "Object Hunt/ObjectHunt.entitlements";
				CODE_SIGN_STYLE = Automatic;
				CURRENT_PROJECT_VERSION = 1;
				DEVELOPMENT_TEAM = "";
				GENERATE_INFOPLIST_FILE = YES;
				INFOPLIST_FILE = "Object Hunt/SceneConfiguration.plist";
				INFOPLIST_KEY_CFBundleDisplayName = "ObjectHunt ColorGame";
				INFOPLIST_KEY_NSCameraUsageDescription = "ObjectHunt ColorGame uses the camera to detect colors in the world around you.";
				INFOPLIST_KEY_NSMicrophoneUsageDescription = "ObjectHunt ColorGame needs the microphone for portal media capture.";
				INFOPLIST_KEY_NSPhotoLibraryUsageDescription = "ObjectHunt ColorGame needs photo library access to attach images in the content portal.";
				INFOPLIST_KEY_UIApplicationSupportsIndirectInputEvents = YES;
				INFOPLIST_KEY_UIBackgroundModes = "remote-notification";
				INFOPLIST_KEY_UIStatusBarHidden = YES;
				INFOPLIST_KEY_UISupportedInterfaceOrientations_iPad = "UIInterfaceOrientationPortrait UIInterfaceOrientationPortraitUpsideDown UIInterfaceOrientationLandscapeLeft UIInterfaceOrientationLandscapeRight";
				INFOPLIST_KEY_UISupportedInterfaceOrientations_iPhone = "UIInterfaceOrientationPortrait UIInterfaceOrientationLandscapeLeft UIInterfaceOrientationLandscapeRight";
				IPHONEOS_DEPLOYMENT_TARGET = 16.0;
				LD_RUNPATH_SEARCH_PATHS = (
					"$(inherited)",
					"@executable_path/Frameworks",
				);
				MARKETING_VERSION = 1.0;
				PRODUCT_BUNDLE_IDENTIFIER = com.ObjectHuntColorGame;
				PRODUCT_NAME = "$(TARGET_NAME)";
				STRING_CATALOG_GENERATE_SYMBOLS = YES;
				SUPPORTED_PLATFORMS = "iphoneos iphonesimulator";
				SUPPORTS_MACCATALYST = NO;
				SWIFT_APPROACHABLE_CONCURRENCY = YES;
				SWIFT_DEFAULT_ACTOR_ISOLATION = nonisolated;
				SWIFT_EMIT_LOC_STRINGS = YES;
				SWIFT_UPCOMING_FEATURE_MEMBER_IMPORT_VISIBILITY = YES;
				SWIFT_VERSION = 5.0;
				TARGETED_DEVICE_FAMILY = 1;
			};
			name = Release;
		};
		DDE11CB1305DA15200DF6212 /* Debug configuration for PBXProject "Object Hunt" */ = {
			isa = XCBuildConfiguration;
			buildSettings = {
				ALWAYS_SEARCH_USER_PATHS = NO;
				ASSETCATALOG_COMPILER_GENERATE_SWIFT_ASSET_SYMBOL_EXTENSIONS = YES;
				CLANG_ANALYZER_NONNULL = YES;
				CLANG_ANALYZER_NUMBER_OBJECT_CONVERSION = YES_AGGRESSIVE;
				CLANG_CXX_LANGUAGE_STANDARD = "gnu++20";
				CLANG_ENABLE_MODULES = YES;
				CLANG_ENABLE_OBJC_ARC = YES;
				CLANG_ENABLE_OBJC_WEAK = YES;
				CLANG_WARN_BLOCK_CAPTURE_AUTORELEASING = YES;
				CLANG_WARN_BOOL_CONVERSION = YES;
				CLANG_WARN_COMMA = YES;
				CLANG_WARN_CONSTANT_CONVERSION = YES;
				CLANG_WARN_DEPRECATED_OBJC_IMPLEMENTATIONS = YES;
				CLANG_WARN_DIRECT_OBJC_ISA_USAGE = YES_ERROR;
				CLANG_WARN_DOCUMENTATION_COMMENTS = YES;
				CLANG_WARN_EMPTY_BODY = YES;
				CLANG_WARN_ENUM_CONVERSION = YES;
				CLANG_WARN_INFINITE_RECURSION = YES;
				CLANG_WARN_INT_CONVERSION = YES;
				CLANG_WARN_NON_LITERAL_NULL_CONVERSION = YES;
				CLANG_WARN_OBJC_IMPLICIT_RETAIN_SELF = YES;
				CLANG_WARN_OBJC_LITERAL_CONVERSION = YES;
				CLANG_WARN_OBJC_ROOT_CLASS = YES_ERROR;
				CLANG_WARN_QUOTED_INCLUDE_IN_FRAMEWORK_HEADER = YES;
				CLANG_WARN_RANGE_LOOP_ANALYSIS = YES;
				CLANG_WARN_STRICT_PROTOTYPES = YES;
				CLANG_WARN_SUSPICIOUS_MOVE = YES;
				CLANG_WARN_UNGUARDED_AVAILABILITY = YES_AGGRESSIVE;
				CLANG_WARN_UNREACHABLE_CODE = YES;
				CLANG_WARN__DUPLICATE_METHOD_MATCH = YES;
				COPY_PHASE_STRIP = NO;
				DEBUG_INFORMATION_FORMAT = dwarf;
				ENABLE_STRICT_OBJC_MSGSEND = YES;
				ENABLE_TESTABILITY = YES;
				ENABLE_USER_SCRIPT_SANDBOXING = YES;
				GCC_C_LANGUAGE_STANDARD = gnu17;
				GCC_DYNAMIC_NO_PIC = NO;
				GCC_NO_COMMON_BLOCKS = YES;
				GCC_OPTIMIZATION_LEVEL = 0;
				GCC_PREPROCESSOR_DEFINITIONS = (
					"DEBUG=1",
					"$(inherited)",
				);
				GCC_WARN_64_TO_32_BIT_CONVERSION = YES;
				GCC_WARN_ABOUT_RETURN_TYPE = YES_ERROR;
				GCC_WARN_UNDECLARED_SELECTOR = YES;
				GCC_WARN_UNINITIALIZED_AUTOS = YES_AGGRESSIVE;
				GCC_WARN_UNUSED_FUNCTION = YES;
				GCC_WARN_UNUSED_VARIABLE = YES;
				IPHONEOS_DEPLOYMENT_TARGET = 27.0;
				LOCALIZATION_PREFERS_STRING_CATALOGS = YES;
				MTL_ENABLE_DEBUG_INFO = INCLUDE_SOURCE;
				MTL_FAST_MATH = YES;
				ONLY_ACTIVE_ARCH = YES;
				SDKROOT = iphoneos;
				SWIFT_ACTIVE_COMPILATION_CONDITIONS = "DEBUG $(inherited)";
				SWIFT_OPTIMIZATION_LEVEL = "-Onone";
			};
			name = Debug;
		};
		DDE11CB2305DA15200DF6212 /* Release configuration for PBXProject "Object Hunt" */ = {
			isa = XCBuildConfiguration;
			buildSettings = {
				ALWAYS_SEARCH_USER_PATHS = NO;
				ASSETCATALOG_COMPILER_GENERATE_SWIFT_ASSET_SYMBOL_EXTENSIONS = YES;
				CLANG_ANALYZER_NONNULL = YES;
				CLANG_ANALYZER_NUMBER_OBJECT_CONVERSION = YES_AGGRESSIVE;
				CLANG_CXX_LANGUAGE_STANDARD = "gnu++20";
				CLANG_ENABLE_MODULES = YES;
				CLANG_ENABLE_OBJC_ARC = YES;
				CLANG_ENABLE_OBJC_WEAK = YES;
				CLANG_WARN_BLOCK_CAPTURE_AUTORELEASING = YES;
				CLANG_WARN_BOOL_CONVERSION = YES;
				CLANG_WARN_COMMA = YES;
				CLANG_WARN_CONSTANT_CONVERSION = YES;
				CLANG_WARN_DEPRECATED_OBJC_IMPLEMENTATIONS = YES;
				CLANG_WARN_DIRECT_OBJC_ISA_USAGE = YES_ERROR;
				CLANG_WARN_DOCUMENTATION_COMMENTS = YES;
				CLANG_WARN_EMPTY_BODY = YES;
				CLANG_WARN_ENUM_CONVERSION = YES;
				CLANG_WARN_INFINITE_RECURSION = YES;
				CLANG_WARN_INT_CONVERSION = YES;
				CLANG_WARN_NON_LITERAL_NULL_CONVERSION = YES;
				CLANG_WARN_OBJC_IMPLICIT_RETAIN_SELF = YES;
				CLANG_WARN_OBJC_LITERAL_CONVERSION = YES;
				CLANG_WARN_OBJC_ROOT_CLASS = YES_ERROR;
				CLANG_WARN_QUOTED_INCLUDE_IN_FRAMEWORK_HEADER = YES;
				CLANG_WARN_RANGE_LOOP_ANALYSIS = YES;
				CLANG_WARN_STRICT_PROTOTYPES = YES;
				CLANG_WARN_SUSPICIOUS_MOVE = YES;
				CLANG_WARN_UNGUARDED_AVAILABILITY = YES_AGGRESSIVE;
				CLANG_WARN_UNREACHABLE_CODE = YES;
				CLANG_WARN__DUPLICATE_METHOD_MATCH = YES;
				COPY_PHASE_STRIP = NO;
				DEBUG_INFORMATION_FORMAT = "dwarf-with-dsym";
				ENABLE_NS_ASSERTIONS = NO;
				ENABLE_STRICT_OBJC_MSGSEND = YES;
				ENABLE_USER_SCRIPT_SANDBOXING = YES;
				GCC_C_LANGUAGE_STANDARD = gnu17;
				GCC_NO_COMMON_BLOCKS = YES;
				GCC_WARN_64_TO_32_BIT_CONVERSION = YES;
				GCC_WARN_ABOUT_RETURN_TYPE = YES_ERROR;
				GCC_WARN_UNDECLARED_SELECTOR = YES;
				GCC_WARN_UNINITIALIZED_AUTOS = YES_AGGRESSIVE;
				GCC_WARN_UNUSED_FUNCTION = YES;
				GCC_WARN_UNUSED_VARIABLE = YES;
				IPHONEOS_DEPLOYMENT_TARGET = 27.0;
				LOCALIZATION_PREFERS_STRING_CATALOGS = YES;
				MTL_ENABLE_DEBUG_INFO = NO;
				MTL_FAST_MATH = YES;
				SDKROOT = iphoneos;
				SWIFT_COMPILATION_MODE = wholemodule;
				VALIDATE_PRODUCT = YES;
			};
			name = Release;
		};
		FO01NSE0100010001000A002B /* Debug */ = {
			isa = XCBuildConfiguration;
			buildSettings = {
				CODE_SIGN_STYLE = Automatic;
				CURRENT_PROJECT_VERSION = 1;
				DEVELOPMENT_TEAM = "";
				GENERATE_INFOPLIST_FILE = YES;
				INFOPLIST_FILE = FrameOnceNotificationService/Info.plist;
				INFOPLIST_KEY_CFBundleDisplayName = ObjectHunt;
				INFOPLIST_KEY_NSHumanReadableCopyright = "";
				IPHONEOS_DEPLOYMENT_TARGET = 16.0;
				LD_RUNPATH_SEARCH_PATHS = (
					"$(inherited)",
					"@executable_path/Frameworks",
					"@executable_path/../../Frameworks",
				);
				MARKETING_VERSION = 1.0;
				PRODUCT_BUNDLE_IDENTIFIER = com.ObjectHuntColorGame.ObjectHuntNotificationService;
				PRODUCT_NAME = "$(TARGET_NAME)";
				SKIP_INSTALL = YES;
				STRING_CATALOG_GENERATE_SYMBOLS = YES;
				SWIFT_APPROACHABLE_CONCURRENCY = YES;
				SWIFT_DEFAULT_ACTOR_ISOLATION = nonisolated;
				SWIFT_EMIT_LOC_STRINGS = YES;
				SWIFT_UPCOMING_FEATURE_MEMBER_IMPORT_VISIBILITY = YES;
				SWIFT_VERSION = 5.0;
				TARGETED_DEVICE_FAMILY = 1;
			};
			name = Debug;
		};
		FO01NSE0100010001000A002C /* Release */ = {
			isa = XCBuildConfiguration;
			buildSettings = {
				CODE_SIGN_STYLE = Automatic;
				CURRENT_PROJECT_VERSION = 1;
				DEVELOPMENT_TEAM = "";
				GENERATE_INFOPLIST_FILE = YES;
				INFOPLIST_FILE = FrameOnceNotificationService/Info.plist;
				INFOPLIST_KEY_CFBundleDisplayName = ObjectHunt;
				INFOPLIST_KEY_NSHumanReadableCopyright = "";
				IPHONEOS_DEPLOYMENT_TARGET = 16.0;
				LD_RUNPATH_SEARCH_PATHS = (
					"$(inherited)",
					"@executable_path/Frameworks",
					"@executable_path/../../Frameworks",
				);
				MARKETING_VERSION = 1.0;
				PRODUCT_BUNDLE_IDENTIFIER = com.ObjectHuntColorGame.ObjectHuntNotificationService;
				PRODUCT_NAME = "$(TARGET_NAME)";
				SKIP_INSTALL = YES;
				STRING_CATALOG_GENERATE_SYMBOLS = YES;
				SWIFT_APPROACHABLE_CONCURRENCY = YES;
				SWIFT_DEFAULT_ACTOR_ISOLATION = nonisolated;
				SWIFT_EMIT_LOC_STRINGS = YES;
				SWIFT_UPCOMING_FEATURE_MEMBER_IMPORT_VISIBILITY = YES;
				SWIFT_VERSION = 5.0;
				TARGETED_DEVICE_FAMILY = 1;
			};
			name = Release;
		};
/* End XCBuildConfiguration section */

/* Begin XCConfigurationList section */
		DDE11C93305DA15000DF6212 /* Build configuration list for PBXProject "Object Hunt" */ = {
			isa = XCConfigurationList;
			buildConfigurations = (
				DDE11CB1305DA15200DF6212 /* Debug configuration for PBXProject "Object Hunt" */,
				DDE11CB2305DA15200DF6212 /* Release configuration for PBXProject "Object Hunt" */,
			);
			defaultConfigurationName = Release;
		};
		DDE11CAE305DA15200DF6212 /* Build configuration list for PBXNativeTarget "Object Hunt" */ = {
			isa = XCConfigurationList;
			buildConfigurations = (
				DDE11CAF305DA15200DF6212 /* Debug configuration for PBXNativeTarget "Object Hunt" */,
				DDE11CB0305DA15200DF6212 /* Release configuration for PBXNativeTarget "Object Hunt" */,
			);
			defaultConfigurationName = Release;
		};
		FO01NSE0100010001000A0028 /* Build configuration list for PBXNativeTarget "FrameOnceNotificationService" */ = {
			isa = XCConfigurationList;
			buildConfigurations = (
				FO01NSE0100010001000A002B /* Debug */,
				FO01NSE0100010001000A002C /* Release */,
			);
			defaultConfigurationIsVisible = 0;
			defaultConfigurationName = Release;
		};
/* End XCConfigurationList section */

/* Begin XCRemoteSwiftPackageReference section */
		EE01AF0100010001000A0021 /* XCRemoteSwiftPackageReference "AppsFlyerFramework" */ = {
			isa = XCRemoteSwiftPackageReference;
			repositoryURL = "https://github.com/AppsFlyerSDK/AppsFlyerFramework";
			requirement = {
				kind = upToNextMajorVersion;
				minimumVersion = 6.18.0;
			};
		};
		EE01AF0100010001000A0022 /* XCRemoteSwiftPackageReference "firebase-ios-sdk" */ = {
			isa = XCRemoteSwiftPackageReference;
			repositoryURL = "https://github.com/firebase/firebase-ios-sdk";
			requirement = {
				kind = upToNextMajorVersion;
				minimumVersion = 12.18.0;
			};
		};
/* End XCRemoteSwiftPackageReference section */

/* Begin XCSwiftPackageProductDependency section */
		EE01AF0100010001000A0011 /* AppsFlyerLib */ = {
			isa = XCSwiftPackageProductDependency;
			package = EE01AF0100010001000A0021 /* XCRemoteSwiftPackageReference "AppsFlyerFramework" */;
			productName = AppsFlyerLib;
		};
		EE01AF0100010001000A0012 /* FirebaseCore */ = {
			isa = XCSwiftPackageProductDependency;
			package = EE01AF0100010001000A0022 /* XCRemoteSwiftPackageReference "firebase-ios-sdk" */;
			productName = FirebaseCore;
		};
		EE01AF0100010001000A0013 /* FirebaseMessaging */ = {
			isa = XCSwiftPackageProductDependency;
			package = EE01AF0100010001000A0022 /* XCRemoteSwiftPackageReference "firebase-ios-sdk" */;
			productName = FirebaseMessaging;
		};
/* End XCSwiftPackageProductDependency section */
	};
	rootObject = DDE11C90305DA15000DF6212 /* Project object */;
	validationLevel = 1;
}
